Microsoft Visual Studio Solution File, Format Version 11.00
# Visual Studio 2008

Project("{5E5F3C25-807A-8035-1350-4DD399CA52AD}") = "GoldenMaze", "Assembly-CSharp.csproj", "{A59850FC-B42D-3411-2793-1FE923065FE6}"
EndProject
Project("{5E5F3C25-807A-8035-1350-4DD399CA52AD}") = "GoldenMaze", "Assembly-CSharp-Editor.csproj", "{3AD87589-6346-43D8-DB1D-0AA054E99685}"
EndProject
Project("{5E5F3C25-807A-8035-1350-4DD399CA52AD}") = "GoldenMaze", "Assembly-UnityScript.unityproj", "{9ABFE1B9-D750-D79B-9BBA-762D595491DF}"
EndProject
Global
	GlobalSection(SolutionConfigurationPlatforms) = preSolution
		Debug|Any CPU = Debug|Any CPU
		Release|Any CPU = Release|Any CPU
	EndGlobalSection
	GlobalSection(ProjectConfigurationPlatforms) = postSolution
		{A59850FC-B42D-3411-2793-1FE923065FE6}.Debug|Any CPU.ActiveCfg = Debug|Any CPU
		{A59850FC-B42D-3411-2793-1FE923065FE6}.Debug|Any CPU.Build.0 = Debug|Any CPU
		{A59850FC-B42D-3411-2793-1FE923065FE6}.Release|Any CPU.ActiveCfg = Release|Any CPU
		{A59850FC-B42D-3411-2793-1FE923065FE6}.Release|Any CPU.Build.0 = Release|Any CPU
		{3AD87589-6346-43D8-DB1D-0AA054E99685}.Debug|Any CPU.ActiveCfg = Debug|Any CPU
		{3AD87589-6346-43D8-DB1D-0AA054E99685}.Debug|Any CPU.Build.0 = Debug|Any CPU
		{3AD87589-6346-43D8-DB1D-0AA054E99685}.Release|Any CPU.ActiveCfg = Release|Any CPU
		{3AD87589-6346-43D8-DB1D-0AA054E99685}.Release|Any CPU.Build.0 = Release|Any CPU
		{9ABFE1B9-D750-D79B-9BBA-762D595491DF}.Debug|Any CPU.ActiveCfg = Debug|Any CPU
		{9ABFE1B9-D750-D79B-9BBA-762D595491DF}.Debug|Any CPU.Build.0 = Debug|Any CPU
		{9ABFE1B9-D750-D79B-9BBA-762D595491DF}.Release|Any CPU.ActiveCfg = Release|Any CPU
		{9ABFE1B9-D750-D79B-9BBA-762D595491DF}.Release|Any CPU.Build.0 = Release|Any CPU
	EndGlobalSection
	GlobalSection(SolutionProperties) = preSolution
		HideSolutionNode = FALSE
	EndGlobalSection
											GlobalSection(MonoDevelopProperties) = preSolution
		StartupItem = Assembly-CSharp.csproj
		Policies = $0
		$0.TextStylePolicy = $1
		$1.inheritsSet = null
		$1.scope = text/x-csharp
		$0.CSharpFormattingPolicy = $2
		$2.inheritsSet = Mono
		$2.inheritsScope = text/x-csharp
		$2.scope = text/x-csharp
		$0.TextStylePolicy = $3
		$3.FileWidth = 120
		$3.TabWidth = 4
		$3.EolMarker = Unix
		$3.inheritsSet = Mono
		$3.inheritsScope = text/plain
		$3.scope = text/plain
	EndGlobalSection

EndGlobal
